
Microsoft Visual Studio Solution File, Format Version 12.00
# Visual Studio Version 17
VisualStudioVersion = 17.5.33516.290
MinimumVisualStudioVersion = 10.0.40219.1
Project("{FAE04EC0-301F-11D3-BF4B-00C04F79EFBC}") = "TheCentralBank", "TheCentralBank.csproj", "{86912B99-4334-460E-95CF-4FEF51DEDAC5}"
EndProject
Global
	GlobalSection(SolutionConfigurationPlatforms) = preSolution
		Debug|Any CPU = Debug|Any CPU
		Release|Any CPU = Release|Any CPU
	EndGlobalSection
	GlobalSection(ProjectConfigurationPlatforms) = postSolution
		{86912B99-4334-460E-95CF-4FEF51DEDAC5}.Debug|Any CPU.ActiveCfg = Debug|Any CPU
		{86912B99-4334-460E-95CF-4FEF51DEDAC5}.Debug|Any CPU.Build.0 = Debug|Any CPU
		{86912B99-4334-460E-95CF-4FEF51DEDAC5}.Release|Any CPU.ActiveCfg = Release|Any CPU
		{86912B99-4334-460E-95CF-4FEF51DEDAC5}.Release|Any CPU.Build.0 = Release|Any CPU
	EndGlobalSection
	GlobalSection(SolutionProperties) = preSolution
		HideSolutionNode = FALSE
	EndGlobalSection
	GlobalSection(ExtensibilityGlobals) = postSolution
		SolutionGuid = {6771CDF4-5D2F-4634-95C1-D9A52C760202}
	EndGlobalSection
EndGlobal
